
Microsoft Visual Studio Solution File, Format Version 12.00
# Visual Studio Version 17
VisualStudioVersion = 17.7.34009.444
MinimumVisualStudioVersion = 10.0.40219.1
Project("{FAE04EC0-301F-11D3-BF4B-00C04F79EFBC}") = "Aula_01_Calcu", "Aula_01_Calcu.csproj", "{6F5BC3C0-2A77-4002-887E-2628B50CF718}"
EndProject
Global
	GlobalSection(SolutionConfigurationPlatforms) = preSolution
		Debug|Any CPU = Debug|Any CPU
		Release|Any CPU = Release|Any CPU
	EndGlobalSection
	GlobalSection(ProjectConfigurationPlatforms) = postSolution
		{6F5BC3C0-2A77-4002-887E-2628B50CF718}.Debug|Any CPU.ActiveCfg = Debug|Any CPU
		{6F5BC3C0-2A77-4002-887E-2628B50CF718}.Debug|Any CPU.Build.0 = Debug|Any CPU
		{6F5BC3C0-2A77-4002-887E-2628B50CF718}.Release|Any CPU.ActiveCfg = Release|Any CPU
		{6F5BC3C0-2A77-4002-887E-2628B50CF718}.Release|Any CPU.Build.0 = Release|Any CPU
	EndGlobalSection
	GlobalSection(SolutionProperties) = preSolution
		HideSolutionNode = FALSE
	EndGlobalSection
	GlobalSection(ExtensibilityGlobals) = postSolution
		SolutionGuid = {65D146D9-D7C0-42E6-80B0-017E57A0963B}
	EndGlobalSection
EndGlobal
